
Microsoft Visual Studio Solution File, Format Version 12.00
# Visual Studio 2013
VisualStudioVersion = 12.0.30723.0
MinimumVisualStudioVersion = 10.0.40219.1
Project("{D954291E-2A0B-460D-934E-DC6B0785DB48}") = "NmeaParser.Shared", "NmeaParser.Shared\NmeaParser.Shared.shproj", "{E15EDBD9-0356-422B-8C29-18833787356E}"
EndProject
Project("{FAE04EC0-301F-11D3-BF4B-00C04F79EFBC}") = "NmeaParser.WinDesktop", "NmeaParser.WinDesktop\NmeaParser.WinDesktop.csproj", "{DF711AB9-F14E-4F1F-B8F2-B6DDC4691554}"
EndProject
Project("{2150E333-8FDC-42A3-9474-1A3956D46DE8}") = "NmeaParser", "NmeaParser", "{1701F3BA-A09C-4706-A612-24FD9340FC18}"
EndProject
Project("{FAE04EC0-301F-11D3-BF4B-00C04F79EFBC}") = "SampleApp.WinDesktop", "SampleApp.WinDesktop\SampleApp.WinDesktop.csproj", "{5DB6C7C7-A19C-4BE3-AFE6-26E3061DA01F}"
EndProject
Project("{2150E333-8FDC-42A3-9474-1A3956D46DE8}") = "Desktop", "Desktop", "{7ABA337E-6748-484E-A0F4-E1715E1C95F1}"
EndProject
Project("{2150E333-8FDC-42A3-9474-1A3956D46DE8}") = "SampleApps", "SampleApps", "{A4B9D59A-C8C6-4199-A7F3-F3AF0C748281}"
EndProject
Project("{2150E333-8FDC-42A3-9474-1A3956D46DE8}") = ".nuget", ".nuget", "{2ECD5D29-8F1B-41C6-B953-B87E367F8199}"
	ProjectSection(SolutionItems) = preProject
		.nuget\NuGet.Config = .nuget\NuGet.Config
		.nuget\NuGet.exe = .nuget\NuGet.exe
		.nuget\NuGet.targets = .nuget\NuGet.targets
	EndProjectSection
EndProject
Global
	GlobalSection(SharedMSBuildProjectFiles) = preSolution
		NmeaParser.Shared\NmeaParser.Shared.projitems*{df711ab9-f14e-4f1f-b8f2-b6ddc4691554}*SharedItemsImports = 4
		NmeaParser.Shared\NmeaParser.Shared.projitems*{e15edbd9-0356-422b-8c29-18833787356e}*SharedItemsImports = 13
	EndGlobalSection
	GlobalSection(SolutionConfigurationPlatforms) = preSolution
		Debug|Any CPU = Debug|Any CPU
		Release|Any CPU = Release|Any CPU
	EndGlobalSection
	GlobalSection(ProjectConfigurationPlatforms) = postSolution
		{DF711AB9-F14E-4F1F-B8F2-B6DDC4691554}.Debug|Any CPU.ActiveCfg = Debug|Any CPU
		{DF711AB9-F14E-4F1F-B8F2-B6DDC4691554}.Debug|Any CPU.Build.0 = Debug|Any CPU
		{DF711AB9-F14E-4F1F-B8F2-B6DDC4691554}.Release|Any CPU.ActiveCfg = Release|Any CPU
		{DF711AB9-F14E-4F1F-B8F2-B6DDC4691554}.Release|Any CPU.Build.0 = Release|Any CPU
		{5DB6C7C7-A19C-4BE3-AFE6-26E3061DA01F}.Debug|Any CPU.ActiveCfg = Debug|Any CPU
		{5DB6C7C7-A19C-4BE3-AFE6-26E3061DA01F}.Debug|Any CPU.Build.0 = Debug|Any CPU
		{5DB6C7C7-A19C-4BE3-AFE6-26E3061DA01F}.Release|Any CPU.ActiveCfg = Release|Any CPU
		{5DB6C7C7-A19C-4BE3-AFE6-26E3061DA01F}.Release|Any CPU.Build.0 = Release|Any CPU
	EndGlobalSection
	GlobalSection(SolutionProperties) = preSolution
		HideSolutionNode = FALSE
	EndGlobalSection
	GlobalSection(NestedProjects) = preSolution
		{E15EDBD9-0356-422B-8C29-18833787356E} = {1701F3BA-A09C-4706-A612-24FD9340FC18}
		{DF711AB9-F14E-4F1F-B8F2-B6DDC4691554} = {1701F3BA-A09C-4706-A612-24FD9340FC18}
		{5DB6C7C7-A19C-4BE3-AFE6-26E3061DA01F} = {7ABA337E-6748-484E-A0F4-E1715E1C95F1}
		{7ABA337E-6748-484E-A0F4-E1715E1C95F1} = {A4B9D59A-C8C6-4199-A7F3-F3AF0C748281}
	EndGlobalSection
EndGlobal
