
Microsoft Visual Studio Solution File, Format Version 12.00
# Visual Studio 2013
VisualStudioVersion = 12.0.30501.0
MinimumVisualStudioVersion = 10.0.40219.1
Project("{FAE04EC0-301F-11D3-BF4B-00C04F79EFBC}") = "NmeaParser.WinStore", "NmeaParser.WinStore\NmeaParser.WinStore.csproj", "{62A55887-10F5-40D2-9352-96246D1B11D3}"
EndProject
Project("{FAE04EC0-301F-11D3-BF4B-00C04F79EFBC}") = "NmeaParser.Tests", "NmeaParser.Tests\NmeaParser.Tests.csproj", "{5B5BAF9D-3FB9-47F9-AE07-B8CC43EC887C}"
EndProject
Project("{FAE04EC0-301F-11D3-BF4B-00C04F79EFBC}") = "NmeaParser.WinPhone", "NmeaParser.WinPhone\NmeaParser.WinPhone.csproj", "{EA42A713-BC6E-4914-B54B-47C0891B7421}"
EndProject
Project("{D954291E-2A0B-460D-934E-DC6B0785DB48}") = "NmeaParser.Shared", "NmeaParser.Shared\NmeaParser.Shared.shproj", "{E15EDBD9-0356-422B-8C29-18833787356E}"
EndProject
Project("{FAE04EC0-301F-11D3-BF4B-00C04F79EFBC}") = "NmeaParser.WinDesktop", "NmeaParser.WinDesktop\NmeaParser.WinDesktop.csproj", "{DF711AB9-F14E-4F1F-B8F2-B6DDC4691554}"
EndProject
Project("{2150E333-8FDC-42A3-9474-1A3956D46DE8}") = "NmeaParser", "NmeaParser", "{1701F3BA-A09C-4706-A612-24FD9340FC18}"
EndProject
Project("{2150E333-8FDC-42A3-9474-1A3956D46DE8}") = "Tests", "Tests", "{CF767486-305D-40EE-8845-58EF76C16D85}"
EndProject
Project("{FAE04EC0-301F-11D3-BF4B-00C04F79EFBC}") = "SampleApp.WinDesktop", "SampleApp.WinDesktop\SampleApp.WinDesktop.csproj", "{5DB6C7C7-A19C-4BE3-AFE6-26E3061DA01F}"
EndProject
Project("{2150E333-8FDC-42A3-9474-1A3956D46DE8}") = "Store-Universal", "Store-Universal", "{71F04187-BE90-47DE-A7BD-4D6CED50D446}"
EndProject
Project("{D954291E-2A0B-460D-934E-DC6B0785DB48}") = "SampleApp.Store.Shared", "SampleApp.Store\SampleApp.Store.Shared\SampleApp.Store.Shared.shproj", "{95E812E6-17C2-494F-A446-FDE42D75331C}"
EndProject
Project("{FAE04EC0-301F-11D3-BF4B-00C04F79EFBC}") = "SampleApp.Store.Windows", "SampleApp.Store\SampleApp.Store.Windows\SampleApp.Store.Windows.csproj", "{C4B3935B-7ED4-40CC-B1D2-BC2B854E319D}"
EndProject
Project("{FAE04EC0-301F-11D3-BF4B-00C04F79EFBC}") = "SampleApp.Store.WindowsPhone", "SampleApp.Store\SampleApp.Store.WindowsPhone\SampleApp.Store.WindowsPhone.csproj", "{9EE3EA1D-F28C-4CF2-B540-DB0415050D5F}"
EndProject
Project("{2150E333-8FDC-42A3-9474-1A3956D46DE8}") = "Desktop", "Desktop", "{7ABA337E-6748-484E-A0F4-E1715E1C95F1}"
EndProject
Project("{2150E333-8FDC-42A3-9474-1A3956D46DE8}") = "UnitTests", "UnitTests", "{28B8E327-C504-4E08-B2CE-09D1CBB8B904}"
EndProject
Project("{2150E333-8FDC-42A3-9474-1A3956D46DE8}") = "SampleApps", "SampleApps", "{A4B9D59A-C8C6-4199-A7F3-F3AF0C748281}"
EndProject
Global
	GlobalSection(SharedMSBuildProjectFiles) = preSolution
		NmeaParser.Shared\NmeaParser.Shared.projitems*{df711ab9-f14e-4f1f-b8f2-b6ddc4691554}*SharedItemsImports = 4
		SampleApp.Store\SampleApp.Store.Shared\SampleApp.Store.Shared.projitems*{9ee3ea1d-f28c-4cf2-b540-db0415050d5f}*SharedItemsImports = 4
		NmeaParser.Shared\NmeaParser.Shared.projitems*{62a55887-10f5-40d2-9352-96246d1b11d3}*SharedItemsImports = 4
		NmeaParser.Shared\NmeaParser.Shared.projitems*{e15edbd9-0356-422b-8c29-18833787356e}*SharedItemsImports = 13
		SampleApp.Store\SampleApp.Store.Shared\SampleApp.Store.Shared.projitems*{c4b3935b-7ed4-40cc-b1d2-bc2b854e319d}*SharedItemsImports = 4
		NmeaParser.Shared\NmeaParser.Shared.projitems*{ea42a713-bc6e-4914-b54b-47c0891b7421}*SharedItemsImports = 4
		SampleApp.Store\SampleApp.Store.Shared\SampleApp.Store.Shared.projitems*{95e812e6-17c2-494f-a446-fde42d75331c}*SharedItemsImports = 13
	EndGlobalSection
	GlobalSection(SolutionConfigurationPlatforms) = preSolution
		Debug|Any CPU = Debug|Any CPU
		Debug|ARM = Debug|ARM
		Debug|x64 = Debug|x64
		Debug|x86 = Debug|x86
		Release|Any CPU = Release|Any CPU
		Release|ARM = Release|ARM
		Release|x64 = Release|x64
		Release|x86 = Release|x86
	EndGlobalSection
	GlobalSection(ProjectConfigurationPlatforms) = postSolution
		{62A55887-10F5-40D2-9352-96246D1B11D3}.Debug|Any CPU.ActiveCfg = Debug|Any CPU
		{62A55887-10F5-40D2-9352-96246D1B11D3}.Debug|Any CPU.Build.0 = Debug|Any CPU
		{62A55887-10F5-40D2-9352-96246D1B11D3}.Debug|ARM.ActiveCfg = Debug|Any CPU
		{62A55887-10F5-40D2-9352-96246D1B11D3}.Debug|ARM.Build.0 = Debug|Any CPU
		{62A55887-10F5-40D2-9352-96246D1B11D3}.Debug|x64.ActiveCfg = Debug|Any CPU
		{62A55887-10F5-40D2-9352-96246D1B11D3}.Debug|x64.Build.0 = Debug|Any CPU
		{62A55887-10F5-40D2-9352-96246D1B11D3}.Debug|x86.ActiveCfg = Debug|Any CPU
		{62A55887-10F5-40D2-9352-96246D1B11D3}.Debug|x86.Build.0 = Debug|Any CPU
		{62A55887-10F5-40D2-9352-96246D1B11D3}.Release|Any CPU.ActiveCfg = Release|Any CPU
		{62A55887-10F5-40D2-9352-96246D1B11D3}.Release|Any CPU.Build.0 = Release|Any CPU
		{62A55887-10F5-40D2-9352-96246D1B11D3}.Release|ARM.ActiveCfg = Release|Any CPU
		{62A55887-10F5-40D2-9352-96246D1B11D3}.Release|ARM.Build.0 = Release|Any CPU
		{62A55887-10F5-40D2-9352-96246D1B11D3}.Release|x64.ActiveCfg = Release|Any CPU
		{62A55887-10F5-40D2-9352-96246D1B11D3}.Release|x64.Build.0 = Release|Any CPU
		{62A55887-10F5-40D2-9352-96246D1B11D3}.Release|x86.ActiveCfg = Release|Any CPU
		{62A55887-10F5-40D2-9352-96246D1B11D3}.Release|x86.Build.0 = Release|Any CPU
		{5B5BAF9D-3FB9-47F9-AE07-B8CC43EC887C}.Debug|Any CPU.ActiveCfg = Debug|Any CPU
		{5B5BAF9D-3FB9-47F9-AE07-B8CC43EC887C}.Debug|Any CPU.Build.0 = Debug|Any CPU
		{5B5BAF9D-3FB9-47F9-AE07-B8CC43EC887C}.Debug|Any CPU.Deploy.0 = Debug|Any CPU
		{5B5BAF9D-3FB9-47F9-AE07-B8CC43EC887C}.Debug|ARM.ActiveCfg = Debug|ARM
		{5B5BAF9D-3FB9-47F9-AE07-B8CC43EC887C}.Debug|ARM.Build.0 = Debug|ARM
		{5B5BAF9D-3FB9-47F9-AE07-B8CC43EC887C}.Debug|ARM.Deploy.0 = Debug|ARM
		{5B5BAF9D-3FB9-47F9-AE07-B8CC43EC887C}.Debug|x64.ActiveCfg = Debug|x64
		{5B5BAF9D-3FB9-47F9-AE07-B8CC43EC887C}.Debug|x64.Build.0 = Debug|x64
		{5B5BAF9D-3FB9-47F9-AE07-B8CC43EC887C}.Debug|x64.Deploy.0 = Debug|x64
		{5B5BAF9D-3FB9-47F9-AE07-B8CC43EC887C}.Debug|x86.ActiveCfg = Debug|x86
		{5B5BAF9D-3FB9-47F9-AE07-B8CC43EC887C}.Debug|x86.Build.0 = Debug|x86
		{5B5BAF9D-3FB9-47F9-AE07-B8CC43EC887C}.Debug|x86.Deploy.0 = Debug|x86
		{5B5BAF9D-3FB9-47F9-AE07-B8CC43EC887C}.Release|Any CPU.ActiveCfg = Release|Any CPU
		{5B5BAF9D-3FB9-47F9-AE07-B8CC43EC887C}.Release|Any CPU.Build.0 = Release|Any CPU
		{5B5BAF9D-3FB9-47F9-AE07-B8CC43EC887C}.Release|Any CPU.Deploy.0 = Release|Any CPU
		{5B5BAF9D-3FB9-47F9-AE07-B8CC43EC887C}.Release|ARM.ActiveCfg = Release|ARM
		{5B5BAF9D-3FB9-47F9-AE07-B8CC43EC887C}.Release|ARM.Build.0 = Release|ARM
		{5B5BAF9D-3FB9-47F9-AE07-B8CC43EC887C}.Release|ARM.Deploy.0 = Release|ARM
		{5B5BAF9D-3FB9-47F9-AE07-B8CC43EC887C}.Release|x64.ActiveCfg = Release|x64
		{5B5BAF9D-3FB9-47F9-AE07-B8CC43EC887C}.Release|x64.Build.0 = Release|x64
		{5B5BAF9D-3FB9-47F9-AE07-B8CC43EC887C}.Release|x64.Deploy.0 = Release|x64
		{5B5BAF9D-3FB9-47F9-AE07-B8CC43EC887C}.Release|x86.ActiveCfg = Release|x86
		{5B5BAF9D-3FB9-47F9-AE07-B8CC43EC887C}.Release|x86.Build.0 = Release|x86
		{5B5BAF9D-3FB9-47F9-AE07-B8CC43EC887C}.Release|x86.Deploy.0 = Release|x86
		{EA42A713-BC6E-4914-B54B-47C0891B7421}.Debug|Any CPU.ActiveCfg = Debug|Any CPU
		{EA42A713-BC6E-4914-B54B-47C0891B7421}.Debug|Any CPU.Build.0 = Debug|Any CPU
		{EA42A713-BC6E-4914-B54B-47C0891B7421}.Debug|ARM.ActiveCfg = Debug|Any CPU
		{EA42A713-BC6E-4914-B54B-47C0891B7421}.Debug|ARM.Build.0 = Debug|Any CPU
		{EA42A713-BC6E-4914-B54B-47C0891B7421}.Debug|x64.ActiveCfg = Debug|Any CPU
		{EA42A713-BC6E-4914-B54B-47C0891B7421}.Debug|x86.ActiveCfg = Debug|Any CPU
		{EA42A713-BC6E-4914-B54B-47C0891B7421}.Debug|x86.Build.0 = Debug|Any CPU
		{EA42A713-BC6E-4914-B54B-47C0891B7421}.Release|Any CPU.ActiveCfg = Release|Any CPU
		{EA42A713-BC6E-4914-B54B-47C0891B7421}.Release|Any CPU.Build.0 = Release|Any CPU
		{EA42A713-BC6E-4914-B54B-47C0891B7421}.Release|ARM.ActiveCfg = Release|Any CPU
		{EA42A713-BC6E-4914-B54B-47C0891B7421}.Release|ARM.Build.0 = Release|Any CPU
		{EA42A713-BC6E-4914-B54B-47C0891B7421}.Release|x64.ActiveCfg = Release|Any CPU
		{EA42A713-BC6E-4914-B54B-47C0891B7421}.Release|x86.ActiveCfg = Release|Any CPU
		{EA42A713-BC6E-4914-B54B-47C0891B7421}.Release|x86.Build.0 = Release|Any CPU
		{DF711AB9-F14E-4F1F-B8F2-B6DDC4691554}.Debug|Any CPU.ActiveCfg = Debug|Any CPU
		{DF711AB9-F14E-4F1F-B8F2-B6DDC4691554}.Debug|Any CPU.Build.0 = Debug|Any CPU
		{DF711AB9-F14E-4F1F-B8F2-B6DDC4691554}.Debug|ARM.ActiveCfg = Debug|Any CPU
		{DF711AB9-F14E-4F1F-B8F2-B6DDC4691554}.Debug|x64.ActiveCfg = Debug|Any CPU
		{DF711AB9-F14E-4F1F-B8F2-B6DDC4691554}.Debug|x86.ActiveCfg = Debug|Any CPU
		{DF711AB9-F14E-4F1F-B8F2-B6DDC4691554}.Release|Any CPU.ActiveCfg = Release|Any CPU
		{DF711AB9-F14E-4F1F-B8F2-B6DDC4691554}.Release|Any CPU.Build.0 = Release|Any CPU
		{DF711AB9-F14E-4F1F-B8F2-B6DDC4691554}.Release|ARM.ActiveCfg = Release|Any CPU
		{DF711AB9-F14E-4F1F-B8F2-B6DDC4691554}.Release|x64.ActiveCfg = Release|Any CPU
		{DF711AB9-F14E-4F1F-B8F2-B6DDC4691554}.Release|x86.ActiveCfg = Release|Any CPU
		{5DB6C7C7-A19C-4BE3-AFE6-26E3061DA01F}.Debug|Any CPU.ActiveCfg = Debug|Any CPU
		{5DB6C7C7-A19C-4BE3-AFE6-26E3061DA01F}.Debug|Any CPU.Build.0 = Debug|Any CPU
		{5DB6C7C7-A19C-4BE3-AFE6-26E3061DA01F}.Debug|ARM.ActiveCfg = Debug|Any CPU
		{5DB6C7C7-A19C-4BE3-AFE6-26E3061DA01F}.Debug|x64.ActiveCfg = Debug|Any CPU
		{5DB6C7C7-A19C-4BE3-AFE6-26E3061DA01F}.Debug|x86.ActiveCfg = Debug|Any CPU
		{5DB6C7C7-A19C-4BE3-AFE6-26E3061DA01F}.Release|Any CPU.ActiveCfg = Release|Any CPU
		{5DB6C7C7-A19C-4BE3-AFE6-26E3061DA01F}.Release|Any CPU.Build.0 = Release|Any CPU
		{5DB6C7C7-A19C-4BE3-AFE6-26E3061DA01F}.Release|ARM.ActiveCfg = Release|Any CPU
		{5DB6C7C7-A19C-4BE3-AFE6-26E3061DA01F}.Release|x64.ActiveCfg = Release|Any CPU
		{5DB6C7C7-A19C-4BE3-AFE6-26E3061DA01F}.Release|x86.ActiveCfg = Release|Any CPU
		{C4B3935B-7ED4-40CC-B1D2-BC2B854E319D}.Debug|Any CPU.ActiveCfg = Debug|Any CPU
		{C4B3935B-7ED4-40CC-B1D2-BC2B854E319D}.Debug|Any CPU.Build.0 = Debug|Any CPU
		{C4B3935B-7ED4-40CC-B1D2-BC2B854E319D}.Debug|Any CPU.Deploy.0 = Debug|Any CPU
		{C4B3935B-7ED4-40CC-B1D2-BC2B854E319D}.Debug|ARM.ActiveCfg = Debug|ARM
		{C4B3935B-7ED4-40CC-B1D2-BC2B854E319D}.Debug|ARM.Build.0 = Debug|ARM
		{C4B3935B-7ED4-40CC-B1D2-BC2B854E319D}.Debug|ARM.Deploy.0 = Debug|ARM
		{C4B3935B-7ED4-40CC-B1D2-BC2B854E319D}.Debug|x64.ActiveCfg = Debug|x64
		{C4B3935B-7ED4-40CC-B1D2-BC2B854E319D}.Debug|x64.Build.0 = Debug|x64
		{C4B3935B-7ED4-40CC-B1D2-BC2B854E319D}.Debug|x64.Deploy.0 = Debug|x64
		{C4B3935B-7ED4-40CC-B1D2-BC2B854E319D}.Debug|x86.ActiveCfg = Debug|x86
		{C4B3935B-7ED4-40CC-B1D2-BC2B854E319D}.Debug|x86.Build.0 = Debug|x86
		{C4B3935B-7ED4-40CC-B1D2-BC2B854E319D}.Debug|x86.Deploy.0 = Debug|x86
		{C4B3935B-7ED4-40CC-B1D2-BC2B854E319D}.Release|Any CPU.ActiveCfg = Release|Any CPU
		{C4B3935B-7ED4-40CC-B1D2-BC2B854E319D}.Release|Any CPU.Build.0 = Release|Any CPU
		{C4B3935B-7ED4-40CC-B1D2-BC2B854E319D}.Release|Any CPU.Deploy.0 = Release|Any CPU
		{C4B3935B-7ED4-40CC-B1D2-BC2B854E319D}.Release|ARM.ActiveCfg = Release|ARM
		{C4B3935B-7ED4-40CC-B1D2-BC2B854E319D}.Release|ARM.Build.0 = Release|ARM
		{C4B3935B-7ED4-40CC-B1D2-BC2B854E319D}.Release|ARM.Deploy.0 = Release|ARM
		{C4B3935B-7ED4-40CC-B1D2-BC2B854E319D}.Release|x64.ActiveCfg = Release|x64
		{C4B3935B-7ED4-40CC-B1D2-BC2B854E319D}.Release|x64.Build.0 = Release|x64
		{C4B3935B-7ED4-40CC-B1D2-BC2B854E319D}.Release|x64.Deploy.0 = Release|x64
		{C4B3935B-7ED4-40CC-B1D2-BC2B854E319D}.Release|x86.ActiveCfg = Release|x86
		{C4B3935B-7ED4-40CC-B1D2-BC2B854E319D}.Release|x86.Build.0 = Release|x86
		{C4B3935B-7ED4-40CC-B1D2-BC2B854E319D}.Release|x86.Deploy.0 = Release|x86
		{9EE3EA1D-F28C-4CF2-B540-DB0415050D5F}.Debug|Any CPU.ActiveCfg = Debug|Any CPU
		{9EE3EA1D-F28C-4CF2-B540-DB0415050D5F}.Debug|Any CPU.Build.0 = Debug|Any CPU
		{9EE3EA1D-F28C-4CF2-B540-DB0415050D5F}.Debug|Any CPU.Deploy.0 = Debug|Any CPU
		{9EE3EA1D-F28C-4CF2-B540-DB0415050D5F}.Debug|ARM.ActiveCfg = Debug|ARM
		{9EE3EA1D-F28C-4CF2-B540-DB0415050D5F}.Debug|ARM.Build.0 = Debug|ARM
		{9EE3EA1D-F28C-4CF2-B540-DB0415050D5F}.Debug|ARM.Deploy.0 = Debug|ARM
		{9EE3EA1D-F28C-4CF2-B540-DB0415050D5F}.Debug|x64.ActiveCfg = Debug|Any CPU
		{9EE3EA1D-F28C-4CF2-B540-DB0415050D5F}.Debug|x86.ActiveCfg = Debug|x86
		{9EE3EA1D-F28C-4CF2-B540-DB0415050D5F}.Debug|x86.Build.0 = Debug|x86
		{9EE3EA1D-F28C-4CF2-B540-DB0415050D5F}.Debug|x86.Deploy.0 = Debug|x86
		{9EE3EA1D-F28C-4CF2-B540-DB0415050D5F}.Release|Any CPU.ActiveCfg = Release|Any CPU
		{9EE3EA1D-F28C-4CF2-B540-DB0415050D5F}.Release|Any CPU.Build.0 = Release|Any CPU
		{9EE3EA1D-F28C-4CF2-B540-DB0415050D5F}.Release|Any CPU.Deploy.0 = Release|Any CPU
		{9EE3EA1D-F28C-4CF2-B540-DB0415050D5F}.Release|ARM.ActiveCfg = Release|ARM
		{9EE3EA1D-F28C-4CF2-B540-DB0415050D5F}.Release|ARM.Build.0 = Release|ARM
		{9EE3EA1D-F28C-4CF2-B540-DB0415050D5F}.Release|ARM.Deploy.0 = Release|ARM
		{9EE3EA1D-F28C-4CF2-B540-DB0415050D5F}.Release|x64.ActiveCfg = Release|Any CPU
		{9EE3EA1D-F28C-4CF2-B540-DB0415050D5F}.Release|x86.ActiveCfg = Release|x86
		{9EE3EA1D-F28C-4CF2-B540-DB0415050D5F}.Release|x86.Build.0 = Release|x86
		{9EE3EA1D-F28C-4CF2-B540-DB0415050D5F}.Release|x86.Deploy.0 = Release|x86
	EndGlobalSection
	GlobalSection(SolutionProperties) = preSolution
		HideSolutionNode = FALSE
	EndGlobalSection
	GlobalSection(NestedProjects) = preSolution
		{62A55887-10F5-40D2-9352-96246D1B11D3} = {1701F3BA-A09C-4706-A612-24FD9340FC18}
		{5B5BAF9D-3FB9-47F9-AE07-B8CC43EC887C} = {28B8E327-C504-4E08-B2CE-09D1CBB8B904}
		{EA42A713-BC6E-4914-B54B-47C0891B7421} = {1701F3BA-A09C-4706-A612-24FD9340FC18}
		{E15EDBD9-0356-422B-8C29-18833787356E} = {1701F3BA-A09C-4706-A612-24FD9340FC18}
		{DF711AB9-F14E-4F1F-B8F2-B6DDC4691554} = {1701F3BA-A09C-4706-A612-24FD9340FC18}
		{5DB6C7C7-A19C-4BE3-AFE6-26E3061DA01F} = {7ABA337E-6748-484E-A0F4-E1715E1C95F1}
		{71F04187-BE90-47DE-A7BD-4D6CED50D446} = {A4B9D59A-C8C6-4199-A7F3-F3AF0C748281}
		{95E812E6-17C2-494F-A446-FDE42D75331C} = {71F04187-BE90-47DE-A7BD-4D6CED50D446}
		{C4B3935B-7ED4-40CC-B1D2-BC2B854E319D} = {71F04187-BE90-47DE-A7BD-4D6CED50D446}
		{9EE3EA1D-F28C-4CF2-B540-DB0415050D5F} = {71F04187-BE90-47DE-A7BD-4D6CED50D446}
		{7ABA337E-6748-484E-A0F4-E1715E1C95F1} = {A4B9D59A-C8C6-4199-A7F3-F3AF0C748281}
		{28B8E327-C504-4E08-B2CE-09D1CBB8B904} = {CF767486-305D-40EE-8845-58EF76C16D85}
	EndGlobalSection
EndGlobal
